
Microsoft Visual Studio Solution File, Format Version 12.00
# Visual Studio 15
VisualStudioVersion = 15.0.27130.2024
MinimumVisualStudioVersion = 10.0.40219.1
Project("{FAE04EC0-301F-11D3-BF4B-00C04F79EFBC}") = "StrategyPattern", "StrategyPattern\StrategyPattern.csproj", "{65F96533-48B1-4B8D-A2BF-31153BD4B588}"
EndProject
Project("{FAE04EC0-301F-11D3-BF4B-00C04F79EFBC}") = "ObserverPattern", "ObserverPattern\ObserverPattern.csproj", "{C68ECFA4-03C0-48A6-997A-C416A7D409FC}"
EndProject
Project("{FAE04EC0-301F-11D3-BF4B-00C04F79EFBC}") = "DecoratorPattern", "DecoratorPattern\DecoratorPattern.csproj", "{F82E9D8A-2AA8-48F8-BB69-1ECF4FB1C0AC}"
EndProject
Project("{FAE04EC0-301F-11D3-BF4B-00C04F79EFBC}") = "SimpleFactory", "SimpleFactory\SimpleFactory.csproj", "{7140A300-C99F-4E9D-B770-000D6A12DD83}"
EndProject
Project("{FAE04EC0-301F-11D3-BF4B-00C04F79EFBC}") = "FactoryMethodPattern", "FactoryMethodPattern\FactoryMethodPattern.csproj", "{AD61FF44-2603-43F8-8AD8-9A6193529B23}"
EndProject
Project("{FAE04EC0-301F-11D3-BF4B-00C04F79EFBC}") = "AbstractFactoryMethod", "AbstractFactoryPattern\AbstractFactoryMethod.csproj", "{9830469B-3721-455C-B7F2-B6FEC8600FC9}"
EndProject
Global
	GlobalSection(SolutionConfigurationPlatforms) = preSolution
		Debug|Any CPU = Debug|Any CPU
		Release|Any CPU = Release|Any CPU
	EndGlobalSection
	GlobalSection(ProjectConfigurationPlatforms) = postSolution
		{65F96533-48B1-4B8D-A2BF-31153BD4B588}.Debug|Any CPU.ActiveCfg = Debug|Any CPU
		{65F96533-48B1-4B8D-A2BF-31153BD4B588}.Debug|Any CPU.Build.0 = Debug|Any CPU
		{65F96533-48B1-4B8D-A2BF-31153BD4B588}.Release|Any CPU.ActiveCfg = Release|Any CPU
		{65F96533-48B1-4B8D-A2BF-31153BD4B588}.Release|Any CPU.Build.0 = Release|Any CPU
		{C68ECFA4-03C0-48A6-997A-C416A7D409FC}.Debug|Any CPU.ActiveCfg = Debug|Any CPU
		{C68ECFA4-03C0-48A6-997A-C416A7D409FC}.Debug|Any CPU.Build.0 = Debug|Any CPU
		{C68ECFA4-03C0-48A6-997A-C416A7D409FC}.Release|Any CPU.ActiveCfg = Release|Any CPU
		{C68ECFA4-03C0-48A6-997A-C416A7D409FC}.Release|Any CPU.Build.0 = Release|Any CPU
		{F82E9D8A-2AA8-48F8-BB69-1ECF4FB1C0AC}.Debug|Any CPU.ActiveCfg = Debug|Any CPU
		{F82E9D8A-2AA8-48F8-BB69-1ECF4FB1C0AC}.Debug|Any CPU.Build.0 = Debug|Any CPU
		{F82E9D8A-2AA8-48F8-BB69-1ECF4FB1C0AC}.Release|Any CPU.ActiveCfg = Release|Any CPU
		{F82E9D8A-2AA8-48F8-BB69-1ECF4FB1C0AC}.Release|Any CPU.Build.0 = Release|Any CPU
		{7140A300-C99F-4E9D-B770-000D6A12DD83}.Debug|Any CPU.ActiveCfg = Debug|Any CPU
		{7140A300-C99F-4E9D-B770-000D6A12DD83}.Debug|Any CPU.Build.0 = Debug|Any CPU
		{7140A300-C99F-4E9D-B770-000D6A12DD83}.Release|Any CPU.ActiveCfg = Release|Any CPU
		{7140A300-C99F-4E9D-B770-000D6A12DD83}.Release|Any CPU.Build.0 = Release|Any CPU
		{AD61FF44-2603-43F8-8AD8-9A6193529B23}.Debug|Any CPU.ActiveCfg = Debug|Any CPU
		{AD61FF44-2603-43F8-8AD8-9A6193529B23}.Debug|Any CPU.Build.0 = Debug|Any CPU
		{AD61FF44-2603-43F8-8AD8-9A6193529B23}.Release|Any CPU.ActiveCfg = Release|Any CPU
		{AD61FF44-2603-43F8-8AD8-9A6193529B23}.Release|Any CPU.Build.0 = Release|Any CPU
		{9830469B-3721-455C-B7F2-B6FEC8600FC9}.Debug|Any CPU.ActiveCfg = Debug|Any CPU
		{9830469B-3721-455C-B7F2-B6FEC8600FC9}.Debug|Any CPU.Build.0 = Debug|Any CPU
		{9830469B-3721-455C-B7F2-B6FEC8600FC9}.Release|Any CPU.ActiveCfg = Release|Any CPU
		{9830469B-3721-455C-B7F2-B6FEC8600FC9}.Release|Any CPU.Build.0 = Release|Any CPU
	EndGlobalSection
	GlobalSection(SolutionProperties) = preSolution
		HideSolutionNode = FALSE
	EndGlobalSection
	GlobalSection(ExtensibilityGlobals) = postSolution
		SolutionGuid = {4D3827CF-561C-4258-BCA0-DE4F6277BFF4}
	EndGlobalSection
EndGlobal
