
Microsoft Visual Studio Solution File, Format Version 12.00
# Visual Studio 15
VisualStudioVersion = 15.0.27130.2024
MinimumVisualStudioVersion = 10.0.40219.1
Project("{FAE04EC0-301F-11D3-BF4B-00C04F79EFBC}") = "StrategyPattern", "StrategyPattern\StrategyPattern.csproj", "{65F96533-48B1-4B8D-A2BF-31153BD4B588}"
EndProject
Project("{FAE04EC0-301F-11D3-BF4B-00C04F79EFBC}") = "ObserverPattern", "ObserverPattern\ObserverPattern.csproj", "{C68ECFA4-03C0-48A6-997A-C416A7D409FC}"
EndProject
Project("{FAE04EC0-301F-11D3-BF4B-00C04F79EFBC}") = "DecoratorPattern", "DecoratorPattern\DecoratorPattern.csproj", "{F82E9D8A-2AA8-48F8-BB69-1ECF4FB1C0AC}"
EndProject
Project("{FAE04EC0-301F-11D3-BF4B-00C04F79EFBC}") = "SimpleFactory", "SimpleFactory\SimpleFactory.csproj", "{7140A300-C99F-4E9D-B770-000D6A12DD83}"
EndProject
Project("{FAE04EC0-301F-11D3-BF4B-00C04F79EFBC}") = "FactoryMethodPattern", "FactoryMethodPattern\FactoryMethodPattern.csproj", "{AD61FF44-2603-43F8-8AD8-9A6193529B23}"
EndProject
Project("{FAE04EC0-301F-11D3-BF4B-00C04F79EFBC}") = "AbstractFactoryMethod", "AbstractFactoryPattern\AbstractFactoryMethod.csproj", "{9830469B-3721-455C-B7F2-B6FEC8600FC9}"
EndProject
Project("{FAE04EC0-301F-11D3-BF4B-00C04F79EFBC}") = "SingletonPattern", "SingletonPattern\SingletonPattern.csproj", "{4C10ACC2-0313-4607-88D3-309C2F25863B}"
EndProject
Project("{FAE04EC0-301F-11D3-BF4B-00C04F79EFBC}") = "CommandPattern", "CommandPattern\CommandPattern.csproj", "{2FD731BA-07DD-4C47-A132-81F58D489754}"
EndProject
Project("{FAE04EC0-301F-11D3-BF4B-00C04F79EFBC}") = "AdapterPattern", "AdapterPattern\AdapterPattern.csproj", "{D18EC79D-165E-42D4-B31A-A4948F97923A}"
EndProject
Project("{FAE04EC0-301F-11D3-BF4B-00C04F79EFBC}") = "FacadePattern", "FacadePattern\FacadePattern.csproj", "{A6A2304C-BCF9-4ED8-9E00-7EF3E8F49C40}"
EndProject
Project("{FAE04EC0-301F-11D3-BF4B-00C04F79EFBC}") = "TemplateMethodPattern", "TemplateMethodPattern\TemplateMethodPattern.csproj", "{5FCC3999-0E9F-4DEC-99F6-7BF7D57D2BA2}"
EndProject
Project("{FAE04EC0-301F-11D3-BF4B-00C04F79EFBC}") = "IteratorPattern", "IteratorPattern\IteratorPattern.csproj", "{5E7EA6A6-9E44-44B1-8856-DD85BEDB8BEB}"
EndProject
Project("{FAE04EC0-301F-11D3-BF4B-00C04F79EFBC}") = "CompositePattern", "CompositePatterns\CompositePattern.csproj", "{89AAF17D-8DA6-49AD-BF23-BA9DC8B413F2}"
EndProject
Project("{FAE04EC0-301F-11D3-BF4B-00C04F79EFBC}") = "StatePattern", "StatePattern\StatePattern.csproj", "{AB94AB66-15CD-4CE5-AE29-9D49FF1AA242}"
EndProject
Project("{FAE04EC0-301F-11D3-BF4B-00C04F79EFBC}") = "ProxyPattern", "ProxyPattern\ProxyPattern.csproj", "{9BCD1EE5-2E67-4F10-8F06-427B46F6209D}"
EndProject
Project("{FAE04EC0-301F-11D3-BF4B-00C04F79EFBC}") = "CompoundPattern", "CompoundPattern\CompoundPattern.csproj", "{5200786E-58DD-4E4A-9188-16247F8041CF}"
EndProject
Global
	GlobalSection(SolutionConfigurationPlatforms) = preSolution
		Debug|Any CPU = Debug|Any CPU
		Release|Any CPU = Release|Any CPU
	EndGlobalSection
	GlobalSection(ProjectConfigurationPlatforms) = postSolution
		{65F96533-48B1-4B8D-A2BF-31153BD4B588}.Debug|Any CPU.ActiveCfg = Debug|Any CPU
		{65F96533-48B1-4B8D-A2BF-31153BD4B588}.Debug|Any CPU.Build.0 = Debug|Any CPU
		{65F96533-48B1-4B8D-A2BF-31153BD4B588}.Release|Any CPU.ActiveCfg = Release|Any CPU
		{65F96533-48B1-4B8D-A2BF-31153BD4B588}.Release|Any CPU.Build.0 = Release|Any CPU
		{C68ECFA4-03C0-48A6-997A-C416A7D409FC}.Debug|Any CPU.ActiveCfg = Debug|Any CPU
		{C68ECFA4-03C0-48A6-997A-C416A7D409FC}.Debug|Any CPU.Build.0 = Debug|Any CPU
		{C68ECFA4-03C0-48A6-997A-C416A7D409FC}.Release|Any CPU.ActiveCfg = Release|Any CPU
		{C68ECFA4-03C0-48A6-997A-C416A7D409FC}.Release|Any CPU.Build.0 = Release|Any CPU
		{F82E9D8A-2AA8-48F8-BB69-1ECF4FB1C0AC}.Debug|Any CPU.ActiveCfg = Debug|Any CPU
		{F82E9D8A-2AA8-48F8-BB69-1ECF4FB1C0AC}.Debug|Any CPU.Build.0 = Debug|Any CPU
		{F82E9D8A-2AA8-48F8-BB69-1ECF4FB1C0AC}.Release|Any CPU.ActiveCfg = Release|Any CPU
		{F82E9D8A-2AA8-48F8-BB69-1ECF4FB1C0AC}.Release|Any CPU.Build.0 = Release|Any CPU
		{7140A300-C99F-4E9D-B770-000D6A12DD83}.Debug|Any CPU.ActiveCfg = Debug|Any CPU
		{7140A300-C99F-4E9D-B770-000D6A12DD83}.Debug|Any CPU.Build.0 = Debug|Any CPU
		{7140A300-C99F-4E9D-B770-000D6A12DD83}.Release|Any CPU.ActiveCfg = Release|Any CPU
		{7140A300-C99F-4E9D-B770-000D6A12DD83}.Release|Any CPU.Build.0 = Release|Any CPU
		{AD61FF44-2603-43F8-8AD8-9A6193529B23}.Debug|Any CPU.ActiveCfg = Debug|Any CPU
		{AD61FF44-2603-43F8-8AD8-9A6193529B23}.Debug|Any CPU.Build.0 = Debug|Any CPU
		{AD61FF44-2603-43F8-8AD8-9A6193529B23}.Release|Any CPU.ActiveCfg = Release|Any CPU
		{AD61FF44-2603-43F8-8AD8-9A6193529B23}.Release|Any CPU.Build.0 = Release|Any CPU
		{9830469B-3721-455C-B7F2-B6FEC8600FC9}.Debug|Any CPU.ActiveCfg = Debug|Any CPU
		{9830469B-3721-455C-B7F2-B6FEC8600FC9}.Debug|Any CPU.Build.0 = Debug|Any CPU
		{9830469B-3721-455C-B7F2-B6FEC8600FC9}.Release|Any CPU.ActiveCfg = Release|Any CPU
		{9830469B-3721-455C-B7F2-B6FEC8600FC9}.Release|Any CPU.Build.0 = Release|Any CPU
		{4C10ACC2-0313-4607-88D3-309C2F25863B}.Debug|Any CPU.ActiveCfg = Debug|Any CPU
		{4C10ACC2-0313-4607-88D3-309C2F25863B}.Debug|Any CPU.Build.0 = Debug|Any CPU
		{4C10ACC2-0313-4607-88D3-309C2F25863B}.Release|Any CPU.ActiveCfg = Release|Any CPU
		{4C10ACC2-0313-4607-88D3-309C2F25863B}.Release|Any CPU.Build.0 = Release|Any CPU
		{2FD731BA-07DD-4C47-A132-81F58D489754}.Debug|Any CPU.ActiveCfg = Debug|Any CPU
		{2FD731BA-07DD-4C47-A132-81F58D489754}.Debug|Any CPU.Build.0 = Debug|Any CPU
		{2FD731BA-07DD-4C47-A132-81F58D489754}.Release|Any CPU.ActiveCfg = Release|Any CPU
		{2FD731BA-07DD-4C47-A132-81F58D489754}.Release|Any CPU.Build.0 = Release|Any CPU
		{D18EC79D-165E-42D4-B31A-A4948F97923A}.Debug|Any CPU.ActiveCfg = Debug|Any CPU
		{D18EC79D-165E-42D4-B31A-A4948F97923A}.Debug|Any CPU.Build.0 = Debug|Any CPU
		{D18EC79D-165E-42D4-B31A-A4948F97923A}.Release|Any CPU.ActiveCfg = Release|Any CPU
		{D18EC79D-165E-42D4-B31A-A4948F97923A}.Release|Any CPU.Build.0 = Release|Any CPU
		{A6A2304C-BCF9-4ED8-9E00-7EF3E8F49C40}.Debug|Any CPU.ActiveCfg = Debug|Any CPU
		{A6A2304C-BCF9-4ED8-9E00-7EF3E8F49C40}.Debug|Any CPU.Build.0 = Debug|Any CPU
		{A6A2304C-BCF9-4ED8-9E00-7EF3E8F49C40}.Release|Any CPU.ActiveCfg = Release|Any CPU
		{A6A2304C-BCF9-4ED8-9E00-7EF3E8F49C40}.Release|Any CPU.Build.0 = Release|Any CPU
		{5FCC3999-0E9F-4DEC-99F6-7BF7D57D2BA2}.Debug|Any CPU.ActiveCfg = Debug|Any CPU
		{5FCC3999-0E9F-4DEC-99F6-7BF7D57D2BA2}.Debug|Any CPU.Build.0 = Debug|Any CPU
		{5FCC3999-0E9F-4DEC-99F6-7BF7D57D2BA2}.Release|Any CPU.ActiveCfg = Release|Any CPU
		{5FCC3999-0E9F-4DEC-99F6-7BF7D57D2BA2}.Release|Any CPU.Build.0 = Release|Any CPU
		{5E7EA6A6-9E44-44B1-8856-DD85BEDB8BEB}.Debug|Any CPU.ActiveCfg = Debug|Any CPU
		{5E7EA6A6-9E44-44B1-8856-DD85BEDB8BEB}.Debug|Any CPU.Build.0 = Debug|Any CPU
		{5E7EA6A6-9E44-44B1-8856-DD85BEDB8BEB}.Release|Any CPU.ActiveCfg = Release|Any CPU
		{5E7EA6A6-9E44-44B1-8856-DD85BEDB8BEB}.Release|Any CPU.Build.0 = Release|Any CPU
		{89AAF17D-8DA6-49AD-BF23-BA9DC8B413F2}.Debug|Any CPU.ActiveCfg = Debug|Any CPU
		{89AAF17D-8DA6-49AD-BF23-BA9DC8B413F2}.Debug|Any CPU.Build.0 = Debug|Any CPU
		{89AAF17D-8DA6-49AD-BF23-BA9DC8B413F2}.Release|Any CPU.ActiveCfg = Release|Any CPU
		{89AAF17D-8DA6-49AD-BF23-BA9DC8B413F2}.Release|Any CPU.Build.0 = Release|Any CPU
		{AB94AB66-15CD-4CE5-AE29-9D49FF1AA242}.Debug|Any CPU.ActiveCfg = Debug|Any CPU
		{AB94AB66-15CD-4CE5-AE29-9D49FF1AA242}.Debug|Any CPU.Build.0 = Debug|Any CPU
		{AB94AB66-15CD-4CE5-AE29-9D49FF1AA242}.Release|Any CPU.ActiveCfg = Release|Any CPU
		{AB94AB66-15CD-4CE5-AE29-9D49FF1AA242}.Release|Any CPU.Build.0 = Release|Any CPU
		{9BCD1EE5-2E67-4F10-8F06-427B46F6209D}.Debug|Any CPU.ActiveCfg = Debug|Any CPU
		{9BCD1EE5-2E67-4F10-8F06-427B46F6209D}.Debug|Any CPU.Build.0 = Debug|Any CPU
		{9BCD1EE5-2E67-4F10-8F06-427B46F6209D}.Release|Any CPU.ActiveCfg = Release|Any CPU
		{9BCD1EE5-2E67-4F10-8F06-427B46F6209D}.Release|Any CPU.Build.0 = Release|Any CPU
		{5200786E-58DD-4E4A-9188-16247F8041CF}.Debug|Any CPU.ActiveCfg = Debug|Any CPU
		{5200786E-58DD-4E4A-9188-16247F8041CF}.Debug|Any CPU.Build.0 = Debug|Any CPU
		{5200786E-58DD-4E4A-9188-16247F8041CF}.Release|Any CPU.ActiveCfg = Release|Any CPU
		{5200786E-58DD-4E4A-9188-16247F8041CF}.Release|Any CPU.Build.0 = Release|Any CPU
	EndGlobalSection
	GlobalSection(SolutionProperties) = preSolution
		HideSolutionNode = FALSE
	EndGlobalSection
	GlobalSection(ExtensibilityGlobals) = postSolution
		SolutionGuid = {4D3827CF-561C-4258-BCA0-DE4F6277BFF4}
	EndGlobalSection
EndGlobal
