
Microsoft Visual Studio Solution File, Format Version 12.00
# Visual Studio Version 16
VisualStudioVersion = 16.0.29324.140
MinimumVisualStudioVersion = 10.0.40219.1
Project("{8BC9CEB8-8B4A-11D0-8D11-00A0C91BC942}") = "GettingStarted", "GettingStarted\GettingStarted.vcxproj", "{3C8A96C9-317B-4BC4-A6B1-D2310D030CEE}"
EndProject
Project("{8BC9CEB8-8B4A-11D0-8D11-00A0C91BC942}") = "DataStructures", "DataStructures\DataStructures.vcxproj", "{38D51B87-B5A9-4D0B-9720-70E004284D17}"
EndProject
Project("{8BC9CEB8-8B4A-11D0-8D11-00A0C91BC942}") = "GraphAlgorithms", "GraphAlgorithms\GraphAlgorithms.vcxproj", "{46AD5472-A3BD-4496-984D-44EF6F5636D3}"
EndProject
Project("{8BC9CEB8-8B4A-11D0-8D11-00A0C91BC942}") = "AdvancedDesignAndAnalysisTechniques", "AdvancedDesignAndAnalysisTechniques\AdvancedDesignAndAnalysisTechniques.vcxproj", "{940B7DD9-95EE-4A64-B403-55FE4BF660CD}"
EndProject
Project("{8BC9CEB8-8B4A-11D0-8D11-00A0C91BC942}") = "AdvancedDataStructures", "AdvancedDataStructures\AdvancedDataStructures.vcxproj", "{3F5C6C60-5AB4-4208-8636-92715D160E68}"
EndProject
Global
	GlobalSection(SolutionConfigurationPlatforms) = preSolution
		Debug|x64 = Debug|x64
		Debug|x86 = Debug|x86
		Release|x64 = Release|x64
		Release|x86 = Release|x86
	EndGlobalSection
	GlobalSection(ProjectConfigurationPlatforms) = postSolution
		{3C8A96C9-317B-4BC4-A6B1-D2310D030CEE}.Debug|x64.ActiveCfg = Debug|x64
		{3C8A96C9-317B-4BC4-A6B1-D2310D030CEE}.Debug|x64.Build.0 = Debug|x64
		{3C8A96C9-317B-4BC4-A6B1-D2310D030CEE}.Debug|x86.ActiveCfg = Debug|Win32
		{3C8A96C9-317B-4BC4-A6B1-D2310D030CEE}.Debug|x86.Build.0 = Debug|Win32
		{3C8A96C9-317B-4BC4-A6B1-D2310D030CEE}.Release|x64.ActiveCfg = Release|x64
		{3C8A96C9-317B-4BC4-A6B1-D2310D030CEE}.Release|x64.Build.0 = Release|x64
		{3C8A96C9-317B-4BC4-A6B1-D2310D030CEE}.Release|x86.ActiveCfg = Release|Win32
		{3C8A96C9-317B-4BC4-A6B1-D2310D030CEE}.Release|x86.Build.0 = Release|Win32
		{38D51B87-B5A9-4D0B-9720-70E004284D17}.Debug|x64.ActiveCfg = Debug|x64
		{38D51B87-B5A9-4D0B-9720-70E004284D17}.Debug|x64.Build.0 = Debug|x64
		{38D51B87-B5A9-4D0B-9720-70E004284D17}.Debug|x86.ActiveCfg = Debug|Win32
		{38D51B87-B5A9-4D0B-9720-70E004284D17}.Debug|x86.Build.0 = Debug|Win32
		{38D51B87-B5A9-4D0B-9720-70E004284D17}.Release|x64.ActiveCfg = Release|x64
		{38D51B87-B5A9-4D0B-9720-70E004284D17}.Release|x64.Build.0 = Release|x64
		{38D51B87-B5A9-4D0B-9720-70E004284D17}.Release|x86.ActiveCfg = Release|Win32
		{38D51B87-B5A9-4D0B-9720-70E004284D17}.Release|x86.Build.0 = Release|Win32
		{46AD5472-A3BD-4496-984D-44EF6F5636D3}.Debug|x64.ActiveCfg = Debug|x64
		{46AD5472-A3BD-4496-984D-44EF6F5636D3}.Debug|x64.Build.0 = Debug|x64
		{46AD5472-A3BD-4496-984D-44EF6F5636D3}.Debug|x86.ActiveCfg = Debug|Win32
		{46AD5472-A3BD-4496-984D-44EF6F5636D3}.Debug|x86.Build.0 = Debug|Win32
		{46AD5472-A3BD-4496-984D-44EF6F5636D3}.Release|x64.ActiveCfg = Release|x64
		{46AD5472-A3BD-4496-984D-44EF6F5636D3}.Release|x64.Build.0 = Release|x64
		{46AD5472-A3BD-4496-984D-44EF6F5636D3}.Release|x86.ActiveCfg = Release|Win32
		{46AD5472-A3BD-4496-984D-44EF6F5636D3}.Release|x86.Build.0 = Release|Win32
		{940B7DD9-95EE-4A64-B403-55FE4BF660CD}.Debug|x64.ActiveCfg = Debug|x64
		{940B7DD9-95EE-4A64-B403-55FE4BF660CD}.Debug|x64.Build.0 = Debug|x64
		{940B7DD9-95EE-4A64-B403-55FE4BF660CD}.Debug|x86.ActiveCfg = Debug|Win32
		{940B7DD9-95EE-4A64-B403-55FE4BF660CD}.Debug|x86.Build.0 = Debug|Win32
		{940B7DD9-95EE-4A64-B403-55FE4BF660CD}.Release|x64.ActiveCfg = Release|x64
		{940B7DD9-95EE-4A64-B403-55FE4BF660CD}.Release|x64.Build.0 = Release|x64
		{940B7DD9-95EE-4A64-B403-55FE4BF660CD}.Release|x86.ActiveCfg = Release|Win32
		{940B7DD9-95EE-4A64-B403-55FE4BF660CD}.Release|x86.Build.0 = Release|Win32
		{3F5C6C60-5AB4-4208-8636-92715D160E68}.Debug|x64.ActiveCfg = Debug|x64
		{3F5C6C60-5AB4-4208-8636-92715D160E68}.Debug|x64.Build.0 = Debug|x64
		{3F5C6C60-5AB4-4208-8636-92715D160E68}.Debug|x86.ActiveCfg = Debug|Win32
		{3F5C6C60-5AB4-4208-8636-92715D160E68}.Debug|x86.Build.0 = Debug|Win32
		{3F5C6C60-5AB4-4208-8636-92715D160E68}.Release|x64.ActiveCfg = Release|x64
		{3F5C6C60-5AB4-4208-8636-92715D160E68}.Release|x64.Build.0 = Release|x64
		{3F5C6C60-5AB4-4208-8636-92715D160E68}.Release|x86.ActiveCfg = Release|Win32
		{3F5C6C60-5AB4-4208-8636-92715D160E68}.Release|x86.Build.0 = Release|Win32
	EndGlobalSection
	GlobalSection(SolutionProperties) = preSolution
		HideSolutionNode = FALSE
	EndGlobalSection
	GlobalSection(ExtensibilityGlobals) = postSolution
		SolutionGuid = {0AE08EA8-187F-41A1-ACBD-EA09B26246E4}
	EndGlobalSection
EndGlobal
