
Microsoft Visual Studio Solution File, Format Version 12.00
# Visual Studio 15
VisualStudioVersion = 15.0.27130.2003
MinimumVisualStudioVersion = 10.0.40219.1
Project("{8BC9CEB8-8B4A-11D0-8D11-00A0C91BC942}") = "CreateWindow", "CreateWindow\CreateWindow.vcxproj", "{10238C1C-D07E-4240-95DE-994C48C0EF7C}"
EndProject
Project("{8BC9CEB8-8B4A-11D0-8D11-00A0C91BC942}") = "Shaders_1", "Shaders_1\Shaders_1.vcxproj", "{BEE4196B-9C1F-4906-8B8B-B10C680E791C}"
EndProject
Project("{8BC9CEB8-8B4A-11D0-8D11-00A0C91BC942}") = "Shaders_2", "Shaders_2\Shaders_2.vcxproj", "{816C1643-B30E-4C1A-B04A-012476B32774}"
EndProject
Project("{8BC9CEB8-8B4A-11D0-8D11-00A0C91BC942}") = "Shaders_3", "Shaders_3\Shaders_3.vcxproj", "{525977C7-B7F7-4CE1-A683-CB863B100197}"
EndProject
Project("{8BC9CEB8-8B4A-11D0-8D11-00A0C91BC942}") = "Triangle_1", "Triangle_1\Triangle_1.vcxproj", "{236AD5EA-FBDB-4929-8B74-2409E5EBBF3B}"
EndProject
Project("{8BC9CEB8-8B4A-11D0-8D11-00A0C91BC942}") = "Triangle_2", "Triangle_2\Triangle_2.vcxproj", "{CA778ED4-B7F6-497A-BF83-88E301F3C23A}"
EndProject
Project("{8BC9CEB8-8B4A-11D0-8D11-00A0C91BC942}") = "Triangle_Pratice1", "Triangle_Pratice1\Triangle_Pratice1.vcxproj", "{020B258D-BEDE-495B-93E4-354B81F0BCD8}"
EndProject
Project("{8BC9CEB8-8B4A-11D0-8D11-00A0C91BC942}") = "Triangle_Pratice2", "Triangle_Pratice2\Triangle_Pratice2.vcxproj", "{40E467B0-A82A-4065-9FD7-75D908ACB50B}"
EndProject
Project("{8BC9CEB8-8B4A-11D0-8D11-00A0C91BC942}") = "Triangle_Pratice3", "Triangle_Pratice3\Triangle_Pratice3.vcxproj", "{7F16774D-9C1C-4126-A6EB-A4E94E47C2BE}"
EndProject
Project("{8BC9CEB8-8B4A-11D0-8D11-00A0C91BC942}") = "Shaders_Pratice1and2", "Shaders_Pratice1and2\Shaders_Pratice1and2.vcxproj", "{9007C4C9-02B4-4CF0-B799-186048E90A2A}"
EndProject
Project("{8BC9CEB8-8B4A-11D0-8D11-00A0C91BC942}") = "Textures_1", "Textures_1\Textures_1.vcxproj", "{C11F69CA-6051-4F5E-B58E-2E0087B1FD18}"
EndProject
Project("{8BC9CEB8-8B4A-11D0-8D11-00A0C91BC942}") = "Textures_2", "Textures_2\Textures_2.vcxproj", "{B6FCF5A1-0C30-4D6A-8E97-596F7D181569}"
EndProject
Project("{8BC9CEB8-8B4A-11D0-8D11-00A0C91BC942}") = "Textures_Pratice1and2", "Textures_Pratice1and2\Textures_Pratice1and2.vcxproj", "{04DB366C-B14F-4370-8725-BC2F728F7BE9}"
EndProject
Project("{8BC9CEB8-8B4A-11D0-8D11-00A0C91BC942}") = "Textures_Pratice3and4", "Textures_Pratice3and4\Textures_Pratice3and4.vcxproj", "{9BDEDA81-9B2F-464A-BA2A-1776197A078E}"
EndProject
Project("{8BC9CEB8-8B4A-11D0-8D11-00A0C91BC942}") = "Transformations", "Transformations\Transformations.vcxproj", "{67BCD6EE-1974-4264-AE3E-603EE13D568A}"
EndProject
Project("{8BC9CEB8-8B4A-11D0-8D11-00A0C91BC942}") = "Transformations_Pratice1and2", "Transformations_Pratice1and2\Transformations_Pratice1and2.vcxproj", "{4BB9F9C8-390E-4F18-AA60-E67B9899D5AA}"
EndProject
Project("{8BC9CEB8-8B4A-11D0-8D11-00A0C91BC942}") = "CoordinateSystems_1", "CoordinateSystems_1\CoordinateSystems_1.vcxproj", "{69E2563B-1304-44C5-BE33-512E17F2CC0D}"
EndProject
Project("{8BC9CEB8-8B4A-11D0-8D11-00A0C91BC942}") = "CoordinateSystems_2", "CoordinateSystems_2\CoordinateSystems_2.vcxproj", "{57AC16EC-D1CF-4516-99CD-246297E1858C}"
EndProject
Project("{8BC9CEB8-8B4A-11D0-8D11-00A0C91BC942}") = "CoordinateSystems_3", "CoordinateSystems_3\CoordinateSystems_3.vcxproj", "{816CDE9E-DB7A-4975-80D8-7D890229BB9E}"
EndProject
Project("{8BC9CEB8-8B4A-11D0-8D11-00A0C91BC942}") = "Camera_1", "Camera_1\Camera_1.vcxproj", "{9210BBEA-90E0-4D2D-B83C-F30844C00BEF}"
EndProject
Project("{8BC9CEB8-8B4A-11D0-8D11-00A0C91BC942}") = "Camera_2", "Camera_2\Camera_2.vcxproj", "{77E8E543-F085-4032-BD26-8D2CEF4DB91F}"
EndProject
Project("{8BC9CEB8-8B4A-11D0-8D11-00A0C91BC942}") = "Camera_3", "Camera_3\Camera_3.vcxproj", "{4AB4FEB6-4344-42DD-A8D1-51E7431ACBE4}"
EndProject
Project("{8BC9CEB8-8B4A-11D0-8D11-00A0C91BC942}") = "Color_1", "Color_1\Color_1.vcxproj", "{ADCCD2B8-5433-44A4-AB29-0EFB1BA026EF}"
EndProject
Project("{8BC9CEB8-8B4A-11D0-8D11-00A0C91BC942}") = "BasicLighting_1", "BasicLighting_1\BasicLighting_1.vcxproj", "{02AA7585-A2C0-4511-BA58-AA498C13ABA6}"
EndProject
Project("{8BC9CEB8-8B4A-11D0-8D11-00A0C91BC942}") = "Materials", "Materials\Materials.vcxproj", "{D332F1BF-C13F-47EB-A50B-1E6F250D9932}"
EndProject
Project("{8BC9CEB8-8B4A-11D0-8D11-00A0C91BC942}") = "LightingMap", "LightingMap\LightingMap.vcxproj", "{78A6DF37-97B1-4664-9ADC-40C380130772}"
EndProject
Project("{8BC9CEB8-8B4A-11D0-8D11-00A0C91BC942}") = "LightCasters", "LightCasters\LightCasters.vcxproj", "{5663AED8-D9A1-472B-8876-3DF5F70BC821}"
EndProject
Project("{8BC9CEB8-8B4A-11D0-8D11-00A0C91BC942}") = "Model", "Model\Model.vcxproj", "{2BDD2D91-BCE4-4F47-A19C-A413FF2F6B68}"
EndProject
Project("{8BC9CEB8-8B4A-11D0-8D11-00A0C91BC942}") = "DepthTesting", "DepthTesting\DepthTesting.vcxproj", "{1343A6C1-BEB1-4771-8FDD-888E2FAE6819}"
EndProject
Project("{8BC9CEB8-8B4A-11D0-8D11-00A0C91BC942}") = "StencilTesting", "StencilTesting\StencilTesting.vcxproj", "{2354213F-BF58-4F67-8ACB-E19BE896AE69}"
EndProject
Project("{8BC9CEB8-8B4A-11D0-8D11-00A0C91BC942}") = "Blending", "Blending\Blending.vcxproj", "{ED6A2CB6-E759-4227-9040-D7C7F21FE6ED}"
EndProject
Project("{8BC9CEB8-8B4A-11D0-8D11-00A0C91BC942}") = "FaceCulling", "FaceCulling\FaceCulling.vcxproj", "{8B818462-729C-4CA0-B570-E3F4C4187C2D}"
EndProject
Project("{8BC9CEB8-8B4A-11D0-8D11-00A0C91BC942}") = "Framebuffers", "Framebuffers\Framebuffers.vcxproj", "{DDE8CF02-38BC-4945-A0C9-D80520317B97}"
EndProject
Project("{8BC9CEB8-8B4A-11D0-8D11-00A0C91BC942}") = "Cubemaps", "Cubemaps\Cubemaps.vcxproj", "{59A6724A-63CF-484F-86C1-6AEA4BD2FA78}"
EndProject
Project("{8BC9CEB8-8B4A-11D0-8D11-00A0C91BC942}") = "Advanced_GLSL", "Advanced_GLSL\Advanced_GLSL.vcxproj", "{7811FAF7-2CD1-423E-AE3B-269F85FBC550}"
EndProject
Project("{8BC9CEB8-8B4A-11D0-8D11-00A0C91BC942}") = "GeometryShader", "GeometryShader\GeometryShader.vcxproj", "{7FE42ECF-8385-4060-B96C-112A9C8ADFDD}"
EndProject
Project("{8BC9CEB8-8B4A-11D0-8D11-00A0C91BC942}") = "ModelEffect", "ModelEffect\ModelEffect.vcxproj", "{E35FC50B-4C09-4919-B5A2-6D86698164B5}"
EndProject
Project("{8BC9CEB8-8B4A-11D0-8D11-00A0C91BC942}") = "Instancing", "Instancing\Instancing.vcxproj", "{6651F5C7-94F0-45C7-AD1C-4B9BC5778564}"
EndProject
Project("{8BC9CEB8-8B4A-11D0-8D11-00A0C91BC942}") = "AntiAliasing", "AntiAliasing\AntiAliasing.vcxproj", "{3ACDFB6A-FBD5-4BC2-B9D5-AC40BB9B8D23}"
EndProject
Global
	GlobalSection(SolutionConfigurationPlatforms) = preSolution
		Debug|x64 = Debug|x64
		Debug|x86 = Debug|x86
		Release|x64 = Release|x64
		Release|x86 = Release|x86
	EndGlobalSection
	GlobalSection(ProjectConfigurationPlatforms) = postSolution
		{10238C1C-D07E-4240-95DE-994C48C0EF7C}.Debug|x64.ActiveCfg = Debug|x64
		{10238C1C-D07E-4240-95DE-994C48C0EF7C}.Debug|x64.Build.0 = Debug|x64
		{10238C1C-D07E-4240-95DE-994C48C0EF7C}.Debug|x86.ActiveCfg = Debug|Win32
		{10238C1C-D07E-4240-95DE-994C48C0EF7C}.Debug|x86.Build.0 = Debug|Win32
		{10238C1C-D07E-4240-95DE-994C48C0EF7C}.Release|x64.ActiveCfg = Release|x64
		{10238C1C-D07E-4240-95DE-994C48C0EF7C}.Release|x64.Build.0 = Release|x64
		{10238C1C-D07E-4240-95DE-994C48C0EF7C}.Release|x86.ActiveCfg = Release|Win32
		{10238C1C-D07E-4240-95DE-994C48C0EF7C}.Release|x86.Build.0 = Release|Win32
		{BEE4196B-9C1F-4906-8B8B-B10C680E791C}.Debug|x64.ActiveCfg = Debug|x64
		{BEE4196B-9C1F-4906-8B8B-B10C680E791C}.Debug|x64.Build.0 = Debug|x64
		{BEE4196B-9C1F-4906-8B8B-B10C680E791C}.Debug|x86.ActiveCfg = Debug|Win32
		{BEE4196B-9C1F-4906-8B8B-B10C680E791C}.Debug|x86.Build.0 = Debug|Win32
		{BEE4196B-9C1F-4906-8B8B-B10C680E791C}.Release|x64.ActiveCfg = Release|x64
		{BEE4196B-9C1F-4906-8B8B-B10C680E791C}.Release|x64.Build.0 = Release|x64
		{BEE4196B-9C1F-4906-8B8B-B10C680E791C}.Release|x86.ActiveCfg = Release|Win32
		{BEE4196B-9C1F-4906-8B8B-B10C680E791C}.Release|x86.Build.0 = Release|Win32
		{816C1643-B30E-4C1A-B04A-012476B32774}.Debug|x64.ActiveCfg = Debug|x64
		{816C1643-B30E-4C1A-B04A-012476B32774}.Debug|x64.Build.0 = Debug|x64
		{816C1643-B30E-4C1A-B04A-012476B32774}.Debug|x86.ActiveCfg = Debug|Win32
		{816C1643-B30E-4C1A-B04A-012476B32774}.Debug|x86.Build.0 = Debug|Win32
		{816C1643-B30E-4C1A-B04A-012476B32774}.Release|x64.ActiveCfg = Release|x64
		{816C1643-B30E-4C1A-B04A-012476B32774}.Release|x64.Build.0 = Release|x64
		{816C1643-B30E-4C1A-B04A-012476B32774}.Release|x86.ActiveCfg = Release|Win32
		{816C1643-B30E-4C1A-B04A-012476B32774}.Release|x86.Build.0 = Release|Win32
		{525977C7-B7F7-4CE1-A683-CB863B100197}.Debug|x64.ActiveCfg = Debug|x64
		{525977C7-B7F7-4CE1-A683-CB863B100197}.Debug|x64.Build.0 = Debug|x64
		{525977C7-B7F7-4CE1-A683-CB863B100197}.Debug|x86.ActiveCfg = Debug|Win32
		{525977C7-B7F7-4CE1-A683-CB863B100197}.Debug|x86.Build.0 = Debug|Win32
		{525977C7-B7F7-4CE1-A683-CB863B100197}.Release|x64.ActiveCfg = Release|x64
		{525977C7-B7F7-4CE1-A683-CB863B100197}.Release|x64.Build.0 = Release|x64
		{525977C7-B7F7-4CE1-A683-CB863B100197}.Release|x86.ActiveCfg = Release|Win32
		{525977C7-B7F7-4CE1-A683-CB863B100197}.Release|x86.Build.0 = Release|Win32
		{236AD5EA-FBDB-4929-8B74-2409E5EBBF3B}.Debug|x64.ActiveCfg = Debug|x64
		{236AD5EA-FBDB-4929-8B74-2409E5EBBF3B}.Debug|x64.Build.0 = Debug|x64
		{236AD5EA-FBDB-4929-8B74-2409E5EBBF3B}.Debug|x86.ActiveCfg = Debug|Win32
		{236AD5EA-FBDB-4929-8B74-2409E5EBBF3B}.Debug|x86.Build.0 = Debug|Win32
		{236AD5EA-FBDB-4929-8B74-2409E5EBBF3B}.Release|x64.ActiveCfg = Release|x64
		{236AD5EA-FBDB-4929-8B74-2409E5EBBF3B}.Release|x64.Build.0 = Release|x64
		{236AD5EA-FBDB-4929-8B74-2409E5EBBF3B}.Release|x86.ActiveCfg = Release|Win32
		{236AD5EA-FBDB-4929-8B74-2409E5EBBF3B}.Release|x86.Build.0 = Release|Win32
		{CA778ED4-B7F6-497A-BF83-88E301F3C23A}.Debug|x64.ActiveCfg = Debug|x64
		{CA778ED4-B7F6-497A-BF83-88E301F3C23A}.Debug|x64.Build.0 = Debug|x64
		{CA778ED4-B7F6-497A-BF83-88E301F3C23A}.Debug|x86.ActiveCfg = Debug|Win32
		{CA778ED4-B7F6-497A-BF83-88E301F3C23A}.Debug|x86.Build.0 = Debug|Win32
		{CA778ED4-B7F6-497A-BF83-88E301F3C23A}.Release|x64.ActiveCfg = Release|x64
		{CA778ED4-B7F6-497A-BF83-88E301F3C23A}.Release|x64.Build.0 = Release|x64
		{CA778ED4-B7F6-497A-BF83-88E301F3C23A}.Release|x86.ActiveCfg = Release|Win32
		{CA778ED4-B7F6-497A-BF83-88E301F3C23A}.Release|x86.Build.0 = Release|Win32
		{020B258D-BEDE-495B-93E4-354B81F0BCD8}.Debug|x64.ActiveCfg = Debug|x64
		{020B258D-BEDE-495B-93E4-354B81F0BCD8}.Debug|x64.Build.0 = Debug|x64
		{020B258D-BEDE-495B-93E4-354B81F0BCD8}.Debug|x86.ActiveCfg = Debug|Win32
		{020B258D-BEDE-495B-93E4-354B81F0BCD8}.Debug|x86.Build.0 = Debug|Win32
		{020B258D-BEDE-495B-93E4-354B81F0BCD8}.Release|x64.ActiveCfg = Release|x64
		{020B258D-BEDE-495B-93E4-354B81F0BCD8}.Release|x64.Build.0 = Release|x64
		{020B258D-BEDE-495B-93E4-354B81F0BCD8}.Release|x86.ActiveCfg = Release|Win32
		{020B258D-BEDE-495B-93E4-354B81F0BCD8}.Release|x86.Build.0 = Release|Win32
		{40E467B0-A82A-4065-9FD7-75D908ACB50B}.Debug|x64.ActiveCfg = Debug|x64
		{40E467B0-A82A-4065-9FD7-75D908ACB50B}.Debug|x64.Build.0 = Debug|x64
		{40E467B0-A82A-4065-9FD7-75D908ACB50B}.Debug|x86.ActiveCfg = Debug|Win32
		{40E467B0-A82A-4065-9FD7-75D908ACB50B}.Debug|x86.Build.0 = Debug|Win32
		{40E467B0-A82A-4065-9FD7-75D908ACB50B}.Release|x64.ActiveCfg = Release|x64
		{40E467B0-A82A-4065-9FD7-75D908ACB50B}.Release|x64.Build.0 = Release|x64
		{40E467B0-A82A-4065-9FD7-75D908ACB50B}.Release|x86.ActiveCfg = Release|Win32
		{40E467B0-A82A-4065-9FD7-75D908ACB50B}.Release|x86.Build.0 = Release|Win32
		{7F16774D-9C1C-4126-A6EB-A4E94E47C2BE}.Debug|x64.ActiveCfg = Debug|x64
		{7F16774D-9C1C-4126-A6EB-A4E94E47C2BE}.Debug|x64.Build.0 = Debug|x64
		{7F16774D-9C1C-4126-A6EB-A4E94E47C2BE}.Debug|x86.ActiveCfg = Debug|Win32
		{7F16774D-9C1C-4126-A6EB-A4E94E47C2BE}.Debug|x86.Build.0 = Debug|Win32
		{7F16774D-9C1C-4126-A6EB-A4E94E47C2BE}.Release|x64.ActiveCfg = Release|x64
		{7F16774D-9C1C-4126-A6EB-A4E94E47C2BE}.Release|x64.Build.0 = Release|x64
		{7F16774D-9C1C-4126-A6EB-A4E94E47C2BE}.Release|x86.ActiveCfg = Release|Win32
		{7F16774D-9C1C-4126-A6EB-A4E94E47C2BE}.Release|x86.Build.0 = Release|Win32
		{9007C4C9-02B4-4CF0-B799-186048E90A2A}.Debug|x64.ActiveCfg = Debug|x64
		{9007C4C9-02B4-4CF0-B799-186048E90A2A}.Debug|x64.Build.0 = Debug|x64
		{9007C4C9-02B4-4CF0-B799-186048E90A2A}.Debug|x86.ActiveCfg = Debug|Win32
		{9007C4C9-02B4-4CF0-B799-186048E90A2A}.Debug|x86.Build.0 = Debug|Win32
		{9007C4C9-02B4-4CF0-B799-186048E90A2A}.Release|x64.ActiveCfg = Release|x64
		{9007C4C9-02B4-4CF0-B799-186048E90A2A}.Release|x64.Build.0 = Release|x64
		{9007C4C9-02B4-4CF0-B799-186048E90A2A}.Release|x86.ActiveCfg = Release|Win32
		{9007C4C9-02B4-4CF0-B799-186048E90A2A}.Release|x86.Build.0 = Release|Win32
		{C11F69CA-6051-4F5E-B58E-2E0087B1FD18}.Debug|x64.ActiveCfg = Debug|x64
		{C11F69CA-6051-4F5E-B58E-2E0087B1FD18}.Debug|x64.Build.0 = Debug|x64
		{C11F69CA-6051-4F5E-B58E-2E0087B1FD18}.Debug|x86.ActiveCfg = Debug|Win32
		{C11F69CA-6051-4F5E-B58E-2E0087B1FD18}.Debug|x86.Build.0 = Debug|Win32
		{C11F69CA-6051-4F5E-B58E-2E0087B1FD18}.Release|x64.ActiveCfg = Release|x64
		{C11F69CA-6051-4F5E-B58E-2E0087B1FD18}.Release|x64.Build.0 = Release|x64
		{C11F69CA-6051-4F5E-B58E-2E0087B1FD18}.Release|x86.ActiveCfg = Release|Win32
		{C11F69CA-6051-4F5E-B58E-2E0087B1FD18}.Release|x86.Build.0 = Release|Win32
		{B6FCF5A1-0C30-4D6A-8E97-596F7D181569}.Debug|x64.ActiveCfg = Debug|x64
		{B6FCF5A1-0C30-4D6A-8E97-596F7D181569}.Debug|x64.Build.0 = Debug|x64
		{B6FCF5A1-0C30-4D6A-8E97-596F7D181569}.Debug|x86.ActiveCfg = Debug|Win32
		{B6FCF5A1-0C30-4D6A-8E97-596F7D181569}.Debug|x86.Build.0 = Debug|Win32
		{B6FCF5A1-0C30-4D6A-8E97-596F7D181569}.Release|x64.ActiveCfg = Release|x64
		{B6FCF5A1-0C30-4D6A-8E97-596F7D181569}.Release|x64.Build.0 = Release|x64
		{B6FCF5A1-0C30-4D6A-8E97-596F7D181569}.Release|x86.ActiveCfg = Release|Win32
		{B6FCF5A1-0C30-4D6A-8E97-596F7D181569}.Release|x86.Build.0 = Release|Win32
		{04DB366C-B14F-4370-8725-BC2F728F7BE9}.Debug|x64.ActiveCfg = Debug|x64
		{04DB366C-B14F-4370-8725-BC2F728F7BE9}.Debug|x64.Build.0 = Debug|x64
		{04DB366C-B14F-4370-8725-BC2F728F7BE9}.Debug|x86.ActiveCfg = Debug|Win32
		{04DB366C-B14F-4370-8725-BC2F728F7BE9}.Debug|x86.Build.0 = Debug|Win32
		{04DB366C-B14F-4370-8725-BC2F728F7BE9}.Release|x64.ActiveCfg = Release|x64
		{04DB366C-B14F-4370-8725-BC2F728F7BE9}.Release|x64.Build.0 = Release|x64
		{04DB366C-B14F-4370-8725-BC2F728F7BE9}.Release|x86.ActiveCfg = Release|Win32
		{04DB366C-B14F-4370-8725-BC2F728F7BE9}.Release|x86.Build.0 = Release|Win32
		{9BDEDA81-9B2F-464A-BA2A-1776197A078E}.Debug|x64.ActiveCfg = Debug|x64
		{9BDEDA81-9B2F-464A-BA2A-1776197A078E}.Debug|x64.Build.0 = Debug|x64
		{9BDEDA81-9B2F-464A-BA2A-1776197A078E}.Debug|x86.ActiveCfg = Debug|Win32
		{9BDEDA81-9B2F-464A-BA2A-1776197A078E}.Debug|x86.Build.0 = Debug|Win32
		{9BDEDA81-9B2F-464A-BA2A-1776197A078E}.Release|x64.ActiveCfg = Release|x64
		{9BDEDA81-9B2F-464A-BA2A-1776197A078E}.Release|x64.Build.0 = Release|x64
		{9BDEDA81-9B2F-464A-BA2A-1776197A078E}.Release|x86.ActiveCfg = Release|Win32
		{9BDEDA81-9B2F-464A-BA2A-1776197A078E}.Release|x86.Build.0 = Release|Win32
		{67BCD6EE-1974-4264-AE3E-603EE13D568A}.Debug|x64.ActiveCfg = Debug|x64
		{67BCD6EE-1974-4264-AE3E-603EE13D568A}.Debug|x64.Build.0 = Debug|x64
		{67BCD6EE-1974-4264-AE3E-603EE13D568A}.Debug|x86.ActiveCfg = Debug|Win32
		{67BCD6EE-1974-4264-AE3E-603EE13D568A}.Debug|x86.Build.0 = Debug|Win32
		{67BCD6EE-1974-4264-AE3E-603EE13D568A}.Release|x64.ActiveCfg = Release|x64
		{67BCD6EE-1974-4264-AE3E-603EE13D568A}.Release|x64.Build.0 = Release|x64
		{67BCD6EE-1974-4264-AE3E-603EE13D568A}.Release|x86.ActiveCfg = Release|Win32
		{67BCD6EE-1974-4264-AE3E-603EE13D568A}.Release|x86.Build.0 = Release|Win32
		{4BB9F9C8-390E-4F18-AA60-E67B9899D5AA}.Debug|x64.ActiveCfg = Debug|x64
		{4BB9F9C8-390E-4F18-AA60-E67B9899D5AA}.Debug|x64.Build.0 = Debug|x64
		{4BB9F9C8-390E-4F18-AA60-E67B9899D5AA}.Debug|x86.ActiveCfg = Debug|Win32
		{4BB9F9C8-390E-4F18-AA60-E67B9899D5AA}.Debug|x86.Build.0 = Debug|Win32
		{4BB9F9C8-390E-4F18-AA60-E67B9899D5AA}.Release|x64.ActiveCfg = Release|x64
		{4BB9F9C8-390E-4F18-AA60-E67B9899D5AA}.Release|x64.Build.0 = Release|x64
		{4BB9F9C8-390E-4F18-AA60-E67B9899D5AA}.Release|x86.ActiveCfg = Release|Win32
		{4BB9F9C8-390E-4F18-AA60-E67B9899D5AA}.Release|x86.Build.0 = Release|Win32
		{69E2563B-1304-44C5-BE33-512E17F2CC0D}.Debug|x64.ActiveCfg = Debug|x64
		{69E2563B-1304-44C5-BE33-512E17F2CC0D}.Debug|x64.Build.0 = Debug|x64
		{69E2563B-1304-44C5-BE33-512E17F2CC0D}.Debug|x86.ActiveCfg = Debug|Win32
		{69E2563B-1304-44C5-BE33-512E17F2CC0D}.Debug|x86.Build.0 = Debug|Win32
		{69E2563B-1304-44C5-BE33-512E17F2CC0D}.Release|x64.ActiveCfg = Release|x64
		{69E2563B-1304-44C5-BE33-512E17F2CC0D}.Release|x64.Build.0 = Release|x64
		{69E2563B-1304-44C5-BE33-512E17F2CC0D}.Release|x86.ActiveCfg = Release|Win32
		{69E2563B-1304-44C5-BE33-512E17F2CC0D}.Release|x86.Build.0 = Release|Win32
		{57AC16EC-D1CF-4516-99CD-246297E1858C}.Debug|x64.ActiveCfg = Debug|x64
		{57AC16EC-D1CF-4516-99CD-246297E1858C}.Debug|x64.Build.0 = Debug|x64
		{57AC16EC-D1CF-4516-99CD-246297E1858C}.Debug|x86.ActiveCfg = Debug|Win32
		{57AC16EC-D1CF-4516-99CD-246297E1858C}.Debug|x86.Build.0 = Debug|Win32
		{57AC16EC-D1CF-4516-99CD-246297E1858C}.Release|x64.ActiveCfg = Release|x64
		{57AC16EC-D1CF-4516-99CD-246297E1858C}.Release|x64.Build.0 = Release|x64
		{57AC16EC-D1CF-4516-99CD-246297E1858C}.Release|x86.ActiveCfg = Release|Win32
		{57AC16EC-D1CF-4516-99CD-246297E1858C}.Release|x86.Build.0 = Release|Win32
		{816CDE9E-DB7A-4975-80D8-7D890229BB9E}.Debug|x64.ActiveCfg = Debug|x64
		{816CDE9E-DB7A-4975-80D8-7D890229BB9E}.Debug|x64.Build.0 = Debug|x64
		{816CDE9E-DB7A-4975-80D8-7D890229BB9E}.Debug|x86.ActiveCfg = Debug|Win32
		{816CDE9E-DB7A-4975-80D8-7D890229BB9E}.Debug|x86.Build.0 = Debug|Win32
		{816CDE9E-DB7A-4975-80D8-7D890229BB9E}.Release|x64.ActiveCfg = Release|x64
		{816CDE9E-DB7A-4975-80D8-7D890229BB9E}.Release|x64.Build.0 = Release|x64
		{816CDE9E-DB7A-4975-80D8-7D890229BB9E}.Release|x86.ActiveCfg = Release|Win32
		{816CDE9E-DB7A-4975-80D8-7D890229BB9E}.Release|x86.Build.0 = Release|Win32
		{9210BBEA-90E0-4D2D-B83C-F30844C00BEF}.Debug|x64.ActiveCfg = Debug|x64
		{9210BBEA-90E0-4D2D-B83C-F30844C00BEF}.Debug|x64.Build.0 = Debug|x64
		{9210BBEA-90E0-4D2D-B83C-F30844C00BEF}.Debug|x86.ActiveCfg = Debug|Win32
		{9210BBEA-90E0-4D2D-B83C-F30844C00BEF}.Debug|x86.Build.0 = Debug|Win32
		{9210BBEA-90E0-4D2D-B83C-F30844C00BEF}.Release|x64.ActiveCfg = Release|x64
		{9210BBEA-90E0-4D2D-B83C-F30844C00BEF}.Release|x64.Build.0 = Release|x64
		{9210BBEA-90E0-4D2D-B83C-F30844C00BEF}.Release|x86.ActiveCfg = Release|Win32
		{9210BBEA-90E0-4D2D-B83C-F30844C00BEF}.Release|x86.Build.0 = Release|Win32
		{77E8E543-F085-4032-BD26-8D2CEF4DB91F}.Debug|x64.ActiveCfg = Debug|x64
		{77E8E543-F085-4032-BD26-8D2CEF4DB91F}.Debug|x64.Build.0 = Debug|x64
		{77E8E543-F085-4032-BD26-8D2CEF4DB91F}.Debug|x86.ActiveCfg = Debug|Win32
		{77E8E543-F085-4032-BD26-8D2CEF4DB91F}.Debug|x86.Build.0 = Debug|Win32
		{77E8E543-F085-4032-BD26-8D2CEF4DB91F}.Release|x64.ActiveCfg = Release|x64
		{77E8E543-F085-4032-BD26-8D2CEF4DB91F}.Release|x64.Build.0 = Release|x64
		{77E8E543-F085-4032-BD26-8D2CEF4DB91F}.Release|x86.ActiveCfg = Release|Win32
		{77E8E543-F085-4032-BD26-8D2CEF4DB91F}.Release|x86.Build.0 = Release|Win32
		{4AB4FEB6-4344-42DD-A8D1-51E7431ACBE4}.Debug|x64.ActiveCfg = Debug|x64
		{4AB4FEB6-4344-42DD-A8D1-51E7431ACBE4}.Debug|x64.Build.0 = Debug|x64
		{4AB4FEB6-4344-42DD-A8D1-51E7431ACBE4}.Debug|x86.ActiveCfg = Debug|Win32
		{4AB4FEB6-4344-42DD-A8D1-51E7431ACBE4}.Debug|x86.Build.0 = Debug|Win32
		{4AB4FEB6-4344-42DD-A8D1-51E7431ACBE4}.Release|x64.ActiveCfg = Release|x64
		{4AB4FEB6-4344-42DD-A8D1-51E7431ACBE4}.Release|x64.Build.0 = Release|x64
		{4AB4FEB6-4344-42DD-A8D1-51E7431ACBE4}.Release|x86.ActiveCfg = Release|Win32
		{4AB4FEB6-4344-42DD-A8D1-51E7431ACBE4}.Release|x86.Build.0 = Release|Win32
		{ADCCD2B8-5433-44A4-AB29-0EFB1BA026EF}.Debug|x64.ActiveCfg = Debug|x64
		{ADCCD2B8-5433-44A4-AB29-0EFB1BA026EF}.Debug|x64.Build.0 = Debug|x64
		{ADCCD2B8-5433-44A4-AB29-0EFB1BA026EF}.Debug|x86.ActiveCfg = Debug|Win32
		{ADCCD2B8-5433-44A4-AB29-0EFB1BA026EF}.Debug|x86.Build.0 = Debug|Win32
		{ADCCD2B8-5433-44A4-AB29-0EFB1BA026EF}.Release|x64.ActiveCfg = Release|x64
		{ADCCD2B8-5433-44A4-AB29-0EFB1BA026EF}.Release|x64.Build.0 = Release|x64
		{ADCCD2B8-5433-44A4-AB29-0EFB1BA026EF}.Release|x86.ActiveCfg = Release|Win32
		{ADCCD2B8-5433-44A4-AB29-0EFB1BA026EF}.Release|x86.Build.0 = Release|Win32
		{02AA7585-A2C0-4511-BA58-AA498C13ABA6}.Debug|x64.ActiveCfg = Debug|x64
		{02AA7585-A2C0-4511-BA58-AA498C13ABA6}.Debug|x64.Build.0 = Debug|x64
		{02AA7585-A2C0-4511-BA58-AA498C13ABA6}.Debug|x86.ActiveCfg = Debug|Win32
		{02AA7585-A2C0-4511-BA58-AA498C13ABA6}.Debug|x86.Build.0 = Debug|Win32
		{02AA7585-A2C0-4511-BA58-AA498C13ABA6}.Release|x64.ActiveCfg = Release|x64
		{02AA7585-A2C0-4511-BA58-AA498C13ABA6}.Release|x64.Build.0 = Release|x64
		{02AA7585-A2C0-4511-BA58-AA498C13ABA6}.Release|x86.ActiveCfg = Release|Win32
		{02AA7585-A2C0-4511-BA58-AA498C13ABA6}.Release|x86.Build.0 = Release|Win32
		{D332F1BF-C13F-47EB-A50B-1E6F250D9932}.Debug|x64.ActiveCfg = Debug|x64
		{D332F1BF-C13F-47EB-A50B-1E6F250D9932}.Debug|x64.Build.0 = Debug|x64
		{D332F1BF-C13F-47EB-A50B-1E6F250D9932}.Debug|x86.ActiveCfg = Debug|Win32
		{D332F1BF-C13F-47EB-A50B-1E6F250D9932}.Debug|x86.Build.0 = Debug|Win32
		{D332F1BF-C13F-47EB-A50B-1E6F250D9932}.Release|x64.ActiveCfg = Release|x64
		{D332F1BF-C13F-47EB-A50B-1E6F250D9932}.Release|x64.Build.0 = Release|x64
		{D332F1BF-C13F-47EB-A50B-1E6F250D9932}.Release|x86.ActiveCfg = Release|Win32
		{D332F1BF-C13F-47EB-A50B-1E6F250D9932}.Release|x86.Build.0 = Release|Win32
		{78A6DF37-97B1-4664-9ADC-40C380130772}.Debug|x64.ActiveCfg = Debug|x64
		{78A6DF37-97B1-4664-9ADC-40C380130772}.Debug|x64.Build.0 = Debug|x64
		{78A6DF37-97B1-4664-9ADC-40C380130772}.Debug|x86.ActiveCfg = Debug|Win32
		{78A6DF37-97B1-4664-9ADC-40C380130772}.Debug|x86.Build.0 = Debug|Win32
		{78A6DF37-97B1-4664-9ADC-40C380130772}.Release|x64.ActiveCfg = Release|x64
		{78A6DF37-97B1-4664-9ADC-40C380130772}.Release|x64.Build.0 = Release|x64
		{78A6DF37-97B1-4664-9ADC-40C380130772}.Release|x86.ActiveCfg = Release|Win32
		{78A6DF37-97B1-4664-9ADC-40C380130772}.Release|x86.Build.0 = Release|Win32
		{5663AED8-D9A1-472B-8876-3DF5F70BC821}.Debug|x64.ActiveCfg = Debug|x64
		{5663AED8-D9A1-472B-8876-3DF5F70BC821}.Debug|x64.Build.0 = Debug|x64
		{5663AED8-D9A1-472B-8876-3DF5F70BC821}.Debug|x86.ActiveCfg = Debug|Win32
		{5663AED8-D9A1-472B-8876-3DF5F70BC821}.Debug|x86.Build.0 = Debug|Win32
		{5663AED8-D9A1-472B-8876-3DF5F70BC821}.Release|x64.ActiveCfg = Release|x64
		{5663AED8-D9A1-472B-8876-3DF5F70BC821}.Release|x64.Build.0 = Release|x64
		{5663AED8-D9A1-472B-8876-3DF5F70BC821}.Release|x86.ActiveCfg = Release|Win32
		{5663AED8-D9A1-472B-8876-3DF5F70BC821}.Release|x86.Build.0 = Release|Win32
		{2BDD2D91-BCE4-4F47-A19C-A413FF2F6B68}.Debug|x64.ActiveCfg = Debug|x64
		{2BDD2D91-BCE4-4F47-A19C-A413FF2F6B68}.Debug|x64.Build.0 = Debug|x64
		{2BDD2D91-BCE4-4F47-A19C-A413FF2F6B68}.Debug|x86.ActiveCfg = Debug|Win32
		{2BDD2D91-BCE4-4F47-A19C-A413FF2F6B68}.Debug|x86.Build.0 = Debug|Win32
		{2BDD2D91-BCE4-4F47-A19C-A413FF2F6B68}.Release|x64.ActiveCfg = Release|x64
		{2BDD2D91-BCE4-4F47-A19C-A413FF2F6B68}.Release|x64.Build.0 = Release|x64
		{2BDD2D91-BCE4-4F47-A19C-A413FF2F6B68}.Release|x86.ActiveCfg = Release|Win32
		{2BDD2D91-BCE4-4F47-A19C-A413FF2F6B68}.Release|x86.Build.0 = Release|Win32
		{1343A6C1-BEB1-4771-8FDD-888E2FAE6819}.Debug|x64.ActiveCfg = Debug|x64
		{1343A6C1-BEB1-4771-8FDD-888E2FAE6819}.Debug|x64.Build.0 = Debug|x64
		{1343A6C1-BEB1-4771-8FDD-888E2FAE6819}.Debug|x86.ActiveCfg = Debug|Win32
		{1343A6C1-BEB1-4771-8FDD-888E2FAE6819}.Debug|x86.Build.0 = Debug|Win32
		{1343A6C1-BEB1-4771-8FDD-888E2FAE6819}.Release|x64.ActiveCfg = Release|x64
		{1343A6C1-BEB1-4771-8FDD-888E2FAE6819}.Release|x64.Build.0 = Release|x64
		{1343A6C1-BEB1-4771-8FDD-888E2FAE6819}.Release|x86.ActiveCfg = Release|Win32
		{1343A6C1-BEB1-4771-8FDD-888E2FAE6819}.Release|x86.Build.0 = Release|Win32
		{2354213F-BF58-4F67-8ACB-E19BE896AE69}.Debug|x64.ActiveCfg = Debug|x64
		{2354213F-BF58-4F67-8ACB-E19BE896AE69}.Debug|x64.Build.0 = Debug|x64
		{2354213F-BF58-4F67-8ACB-E19BE896AE69}.Debug|x86.ActiveCfg = Debug|Win32
		{2354213F-BF58-4F67-8ACB-E19BE896AE69}.Debug|x86.Build.0 = Debug|Win32
		{2354213F-BF58-4F67-8ACB-E19BE896AE69}.Release|x64.ActiveCfg = Release|x64
		{2354213F-BF58-4F67-8ACB-E19BE896AE69}.Release|x64.Build.0 = Release|x64
		{2354213F-BF58-4F67-8ACB-E19BE896AE69}.Release|x86.ActiveCfg = Release|Win32
		{2354213F-BF58-4F67-8ACB-E19BE896AE69}.Release|x86.Build.0 = Release|Win32
		{ED6A2CB6-E759-4227-9040-D7C7F21FE6ED}.Debug|x64.ActiveCfg = Debug|x64
		{ED6A2CB6-E759-4227-9040-D7C7F21FE6ED}.Debug|x64.Build.0 = Debug|x64
		{ED6A2CB6-E759-4227-9040-D7C7F21FE6ED}.Debug|x86.ActiveCfg = Debug|Win32
		{ED6A2CB6-E759-4227-9040-D7C7F21FE6ED}.Debug|x86.Build.0 = Debug|Win32
		{ED6A2CB6-E759-4227-9040-D7C7F21FE6ED}.Release|x64.ActiveCfg = Release|x64
		{ED6A2CB6-E759-4227-9040-D7C7F21FE6ED}.Release|x64.Build.0 = Release|x64
		{ED6A2CB6-E759-4227-9040-D7C7F21FE6ED}.Release|x86.ActiveCfg = Release|Win32
		{ED6A2CB6-E759-4227-9040-D7C7F21FE6ED}.Release|x86.Build.0 = Release|Win32
		{8B818462-729C-4CA0-B570-E3F4C4187C2D}.Debug|x64.ActiveCfg = Debug|x64
		{8B818462-729C-4CA0-B570-E3F4C4187C2D}.Debug|x64.Build.0 = Debug|x64
		{8B818462-729C-4CA0-B570-E3F4C4187C2D}.Debug|x86.ActiveCfg = Debug|Win32
		{8B818462-729C-4CA0-B570-E3F4C4187C2D}.Debug|x86.Build.0 = Debug|Win32
		{8B818462-729C-4CA0-B570-E3F4C4187C2D}.Release|x64.ActiveCfg = Release|x64
		{8B818462-729C-4CA0-B570-E3F4C4187C2D}.Release|x64.Build.0 = Release|x64
		{8B818462-729C-4CA0-B570-E3F4C4187C2D}.Release|x86.ActiveCfg = Release|Win32
		{8B818462-729C-4CA0-B570-E3F4C4187C2D}.Release|x86.Build.0 = Release|Win32
		{DDE8CF02-38BC-4945-A0C9-D80520317B97}.Debug|x64.ActiveCfg = Debug|x64
		{DDE8CF02-38BC-4945-A0C9-D80520317B97}.Debug|x64.Build.0 = Debug|x64
		{DDE8CF02-38BC-4945-A0C9-D80520317B97}.Debug|x86.ActiveCfg = Debug|Win32
		{DDE8CF02-38BC-4945-A0C9-D80520317B97}.Debug|x86.Build.0 = Debug|Win32
		{DDE8CF02-38BC-4945-A0C9-D80520317B97}.Release|x64.ActiveCfg = Release|x64
		{DDE8CF02-38BC-4945-A0C9-D80520317B97}.Release|x64.Build.0 = Release|x64
		{DDE8CF02-38BC-4945-A0C9-D80520317B97}.Release|x86.ActiveCfg = Release|Win32
		{DDE8CF02-38BC-4945-A0C9-D80520317B97}.Release|x86.Build.0 = Release|Win32
		{59A6724A-63CF-484F-86C1-6AEA4BD2FA78}.Debug|x64.ActiveCfg = Debug|x64
		{59A6724A-63CF-484F-86C1-6AEA4BD2FA78}.Debug|x64.Build.0 = Debug|x64
		{59A6724A-63CF-484F-86C1-6AEA4BD2FA78}.Debug|x86.ActiveCfg = Debug|Win32
		{59A6724A-63CF-484F-86C1-6AEA4BD2FA78}.Debug|x86.Build.0 = Debug|Win32
		{59A6724A-63CF-484F-86C1-6AEA4BD2FA78}.Release|x64.ActiveCfg = Release|x64
		{59A6724A-63CF-484F-86C1-6AEA4BD2FA78}.Release|x64.Build.0 = Release|x64
		{59A6724A-63CF-484F-86C1-6AEA4BD2FA78}.Release|x86.ActiveCfg = Release|Win32
		{59A6724A-63CF-484F-86C1-6AEA4BD2FA78}.Release|x86.Build.0 = Release|Win32
		{7811FAF7-2CD1-423E-AE3B-269F85FBC550}.Debug|x64.ActiveCfg = Debug|x64
		{7811FAF7-2CD1-423E-AE3B-269F85FBC550}.Debug|x64.Build.0 = Debug|x64
		{7811FAF7-2CD1-423E-AE3B-269F85FBC550}.Debug|x86.ActiveCfg = Debug|Win32
		{7811FAF7-2CD1-423E-AE3B-269F85FBC550}.Debug|x86.Build.0 = Debug|Win32
		{7811FAF7-2CD1-423E-AE3B-269F85FBC550}.Release|x64.ActiveCfg = Release|x64
		{7811FAF7-2CD1-423E-AE3B-269F85FBC550}.Release|x64.Build.0 = Release|x64
		{7811FAF7-2CD1-423E-AE3B-269F85FBC550}.Release|x86.ActiveCfg = Release|Win32
		{7811FAF7-2CD1-423E-AE3B-269F85FBC550}.Release|x86.Build.0 = Release|Win32
		{7FE42ECF-8385-4060-B96C-112A9C8ADFDD}.Debug|x64.ActiveCfg = Debug|x64
		{7FE42ECF-8385-4060-B96C-112A9C8ADFDD}.Debug|x64.Build.0 = Debug|x64
		{7FE42ECF-8385-4060-B96C-112A9C8ADFDD}.Debug|x86.ActiveCfg = Debug|Win32
		{7FE42ECF-8385-4060-B96C-112A9C8ADFDD}.Debug|x86.Build.0 = Debug|Win32
		{7FE42ECF-8385-4060-B96C-112A9C8ADFDD}.Release|x64.ActiveCfg = Release|x64
		{7FE42ECF-8385-4060-B96C-112A9C8ADFDD}.Release|x64.Build.0 = Release|x64
		{7FE42ECF-8385-4060-B96C-112A9C8ADFDD}.Release|x86.ActiveCfg = Release|Win32
		{7FE42ECF-8385-4060-B96C-112A9C8ADFDD}.Release|x86.Build.0 = Release|Win32
		{E35FC50B-4C09-4919-B5A2-6D86698164B5}.Debug|x64.ActiveCfg = Debug|x64
		{E35FC50B-4C09-4919-B5A2-6D86698164B5}.Debug|x64.Build.0 = Debug|x64
		{E35FC50B-4C09-4919-B5A2-6D86698164B5}.Debug|x86.ActiveCfg = Debug|Win32
		{E35FC50B-4C09-4919-B5A2-6D86698164B5}.Debug|x86.Build.0 = Debug|Win32
		{E35FC50B-4C09-4919-B5A2-6D86698164B5}.Release|x64.ActiveCfg = Release|x64
		{E35FC50B-4C09-4919-B5A2-6D86698164B5}.Release|x64.Build.0 = Release|x64
		{E35FC50B-4C09-4919-B5A2-6D86698164B5}.Release|x86.ActiveCfg = Release|Win32
		{E35FC50B-4C09-4919-B5A2-6D86698164B5}.Release|x86.Build.0 = Release|Win32
		{6651F5C7-94F0-45C7-AD1C-4B9BC5778564}.Debug|x64.ActiveCfg = Debug|x64
		{6651F5C7-94F0-45C7-AD1C-4B9BC5778564}.Debug|x64.Build.0 = Debug|x64
		{6651F5C7-94F0-45C7-AD1C-4B9BC5778564}.Debug|x86.ActiveCfg = Debug|Win32
		{6651F5C7-94F0-45C7-AD1C-4B9BC5778564}.Debug|x86.Build.0 = Debug|Win32
		{6651F5C7-94F0-45C7-AD1C-4B9BC5778564}.Release|x64.ActiveCfg = Release|x64
		{6651F5C7-94F0-45C7-AD1C-4B9BC5778564}.Release|x64.Build.0 = Release|x64
		{6651F5C7-94F0-45C7-AD1C-4B9BC5778564}.Release|x86.ActiveCfg = Release|Win32
		{6651F5C7-94F0-45C7-AD1C-4B9BC5778564}.Release|x86.Build.0 = Release|Win32
		{3ACDFB6A-FBD5-4BC2-B9D5-AC40BB9B8D23}.Debug|x64.ActiveCfg = Debug|x64
		{3ACDFB6A-FBD5-4BC2-B9D5-AC40BB9B8D23}.Debug|x64.Build.0 = Debug|x64
		{3ACDFB6A-FBD5-4BC2-B9D5-AC40BB9B8D23}.Debug|x86.ActiveCfg = Debug|Win32
		{3ACDFB6A-FBD5-4BC2-B9D5-AC40BB9B8D23}.Debug|x86.Build.0 = Debug|Win32
		{3ACDFB6A-FBD5-4BC2-B9D5-AC40BB9B8D23}.Release|x64.ActiveCfg = Release|x64
		{3ACDFB6A-FBD5-4BC2-B9D5-AC40BB9B8D23}.Release|x64.Build.0 = Release|x64
		{3ACDFB6A-FBD5-4BC2-B9D5-AC40BB9B8D23}.Release|x86.ActiveCfg = Release|Win32
		{3ACDFB6A-FBD5-4BC2-B9D5-AC40BB9B8D23}.Release|x86.Build.0 = Release|Win32
	EndGlobalSection
	GlobalSection(SolutionProperties) = preSolution
		HideSolutionNode = FALSE
	EndGlobalSection
	GlobalSection(ExtensibilityGlobals) = postSolution
		SolutionGuid = {73237331-6247-48EC-AEED-02ACE121C47C}
	EndGlobalSection
EndGlobal
